
Microsoft Visual Studio Solution File, Format Version 12.00
# Visual Studio Version 17
VisualStudioVersion = 17.0.31912.275
MinimumVisualStudioVersion = 10.0.40219.1
Project("{FAE04EC0-301F-11D3-BF4B-00C04F79EFBC}") = "SIC Simulator", "SIC Simulator.csproj", "{1BE03959-6239-42B3-A318-02B849FE4EBC}"
EndProject
Project("{FAE04EC0-301F-11D3-BF4B-00C04F79EFBC}") = "SICVM_UnitTests", "..\SICVM_UnitTests\SICVM_UnitTests.csproj", "{C6CD0F37-DDE1-4811-BCA8-302BFFE2B0F4}"
EndProject
Global
	GlobalSection(SolutionConfigurationPlatforms) = preSolution
		Debug|Any CPU = Debug|Any CPU
		Release|Any CPU = Release|Any CPU
	EndGlobalSection
	GlobalSection(ProjectConfigurationPlatforms) = postSolution
		{1BE03959-6239-42B3-A318-02B849FE4EBC}.Debug|Any CPU.ActiveCfg = Debug|Any CPU
		{1BE03959-6239-42B3-A318-02B849FE4EBC}.Debug|Any CPU.Build.0 = Debug|Any CPU
		{1BE03959-6239-42B3-A318-02B849FE4EBC}.Release|Any CPU.ActiveCfg = Release|Any CPU
		{1BE03959-6239-42B3-A318-02B849FE4EBC}.Release|Any CPU.Build.0 = Release|Any CPU
		{C6CD0F37-DDE1-4811-BCA8-302BFFE2B0F4}.Debug|Any CPU.ActiveCfg = Debug|Any CPU
		{C6CD0F37-DDE1-4811-BCA8-302BFFE2B0F4}.Debug|Any CPU.Build.0 = Debug|Any CPU
		{C6CD0F37-DDE1-4811-BCA8-302BFFE2B0F4}.Release|Any CPU.ActiveCfg = Release|Any CPU
		{C6CD0F37-DDE1-4811-BCA8-302BFFE2B0F4}.Release|Any CPU.Build.0 = Release|Any CPU
	EndGlobalSection
	GlobalSection(SolutionProperties) = preSolution
		HideSolutionNode = FALSE
	EndGlobalSection
	GlobalSection(ExtensibilityGlobals) = postSolution
		SolutionGuid = {BCB4D861-E2FC-4586-8380-67F942C47BE6}
	EndGlobalSection
EndGlobal
